{
  "requires": true,
  "lockfileVersion": 1,
  "dependencies": {
    "wouter": {
      "version": "2.5.1",
      "resolved": "https://registry.npmjs.org/wouter/-/wouter-2.5.1.tgz",
      "integrity": "sha512-MHBP/JWDVQKHzzO2i9bsGLFjap2FJ0SPtTASygGkLIdhwRuAhwIrINe83uSxeqkIjQW43LlzQuDC5TOAcIkROw=="
    }
  }
}
